<?xml version="1.0" encoding="utf-8"?>
<Project ToolsVersion="4.0" xmlns="http://schemas.microsoft.com/developer/msbuild/2003">
  <ItemGroup>
    <Filter Include="소스 파일">
      <UniqueIdentifier>{4FC737F1-C7A5-4376-A066-2A32D752A2FF}</UniqueIdentifier>
      <Extensions>cpp;c;cc;cxx;def;odl;idl;hpj;bat;asm;asmx</Extensions>
    </Filter>
    <Filter Include="헤더 파일">
      <UniqueIdentifier>{93995380-89BD-4b04-88EB-625FBE52EBFB}</UniqueIdentifier>
      <Extensions>h;hh;hpp;hxx;hm;inl;inc;ipp;xsd</Extensions>
    </Filter>
    <Filter Include="리소스 파일">
      <UniqueIdentifier>{67DA6AB6-F800-4c08-8B7A-83BB121AAD01}</UniqueIdentifier>
      <Extensions>rc;ico;cur;bmp;dlg;rc2;rct;bin;rgs;gif;jpg;jpeg;jpe;resx;tiff;tif;png;wav;mfcribbon-ms</Extensions>
    </Filter>
  </ItemGroup>
  <ItemGroup>
    <ClCompile Include="11054_dp.cpp">
      <Filter>소스 파일</Filter>
    </ClCompile>
    <ClCompile Include="2606_dfs.cpp">
      <Filter>소스 파일</Filter>
    </ClCompile>
    <ClCompile Include="10451_dfs.cpp">
      <Filter>소스 파일</Filter>
    </ClCompile>
    <ClCompile Include="1991_트리순회.cpp">
      <Filter>소스 파일</Filter>
    </ClCompile>
    <ClCompile Include="11725_bfs.cpp">
      <Filter>소스 파일</Filter>
    </ClCompile>
    <ClCompile Include="4803_트리구하기.cpp">
      <Filter>소스 파일</Filter>
    </ClCompile>
    <ClCompile Include="1068_트리.cpp">
      <Filter>소스 파일</Filter>
    </ClCompile>
    <ClCompile Include="1967_트리지름.cpp">
      <Filter>소스 파일</Filter>
    </ClCompile>
    <ClCompile Include="5639.cpp">
      <Filter>소스 파일</Filter>
    </ClCompile>
    <ClCompile Include="1269.cpp">
      <Filter>소스 파일</Filter>
    </ClCompile>
    <ClCompile Include="1717.cpp">
      <Filter>소스 파일</Filter>
    </ClCompile>
    <ClCompile Include="1976.cpp">
      <Filter>소스 파일</Filter>
    </ClCompile>
    <ClCompile Include="4256_트리순회마스터.cpp">
      <Filter>소스 파일</Filter>
    </ClCompile>
    <ClCompile Include="2841.cpp">
      <Filter>소스 파일</Filter>
    </ClCompile>
    <ClCompile Include="10986_구간합_조합.cpp">
      <Filter>소스 파일</Filter>
    </ClCompile>
    <ClCompile Include="2831.cpp">
      <Filter>소스 파일</Filter>
    </ClCompile>
    <ClCompile Include="3085.cpp">
      <Filter>소스 파일</Filter>
    </ClCompile>
    <ClCompile Include="15668.cpp">
      <Filter>소스 파일</Filter>
    </ClCompile>
    <ClCompile Include="13306_유니온파인드.cpp">
      <Filter>소스 파일</Filter>
    </ClCompile>
    <ClCompile Include="2721_dp.cpp">
      <Filter>소스 파일</Filter>
    </ClCompile>
    <ClCompile Include="14616_이진탐색.cpp">
      <Filter>소스 파일</Filter>
    </ClCompile>
    <ClCompile Include="페르마의소정리,빠른제곱.cpp">
      <Filter>소스 파일</Filter>
    </ClCompile>
    <ClCompile Include="15790_파라메트릭.cpp">
      <Filter>소스 파일</Filter>
    </ClCompile>
    <ClCompile Include="15782_어려운lazypropogation.cpp">
      <Filter>소스 파일</Filter>
    </ClCompile>
    <ClCompile Include="코포_.489_div2_D.cpp">
      <Filter>소스 파일</Filter>
    </ClCompile>
    <ClCompile Include="1854_다익스트라.cpp">
      <Filter>소스 파일</Filter>
    </ClCompile>
    <ClCompile Include="1072_이분탐색.cpp">
      <Filter>소스 파일</Filter>
    </ClCompile>
    <ClCompile Include="1939_이분탐색.cpp">
      <Filter>소스 파일</Filter>
    </ClCompile>
    <ClCompile Include="1477_이분탐색.cpp">
      <Filter>소스 파일</Filter>
    </ClCompile>
    <ClCompile Include="3079_이분탐색.cpp">
      <Filter>소스 파일</Filter>
    </ClCompile>
    <ClCompile Include="15712_수학...cpp">
      <Filter>소스 파일</Filter>
    </ClCompile>
    <ClCompile Include="2792_이분탐색.cpp">
      <Filter>소스 파일</Filter>
    </ClCompile>
    <ClCompile Include="1194_BFS_check배열비트마스크.cpp">
      <Filter>소스 파일</Filter>
    </ClCompile>
    <ClCompile Include="2412_bfs_이진탐색.cpp">
      <Filter>소스 파일</Filter>
    </ClCompile>
    <ClCompile Include="5214_bfs.cpp">
      <Filter>소스 파일</Filter>
    </ClCompile>
    <ClCompile Include="5052_트라이.cpp">
      <Filter>소스 파일</Filter>
    </ClCompile>
    <ClCompile Include="1911.cpp">
      <Filter>소스 파일</Filter>
    </ClCompile>
    <ClCompile Include="2352_LIS_nlogn풀이.cpp">
      <Filter>소스 파일</Filter>
    </ClCompile>
    <ClCompile Include="2307_다익스트라.cpp">
      <Filter>소스 파일</Filter>
    </ClCompile>
    <ClCompile Include="1915_dp.cpp">
      <Filter>소스 파일</Filter>
    </ClCompile>
    <ClCompile Include="11812_트리.cpp">
      <Filter>소스 파일</Filter>
    </ClCompile>
    <ClCompile Include="2848_위상정렬.cpp">
      <Filter>소스 파일</Filter>
    </ClCompile>
    <ClCompile Include="10775_디스조인트셋.cpp">
      <Filter>소스 파일</Filter>
    </ClCompile>
    <ClCompile Include="12893_디스조인트.cpp">
      <Filter>소스 파일</Filter>
    </ClCompile>
    <ClCompile Include="1765_디스조인트.cpp">
      <Filter>소스 파일</Filter>
    </ClCompile>
    <ClCompile Include="15352_디스조인트.cpp">
      <Filter>소스 파일</Filter>
    </ClCompile>
    <ClCompile Include="2843_디스조인트_전역변수메모리초과조심.cpp">
      <Filter>소스 파일</Filter>
    </ClCompile>
    <ClCompile Include="6497_mst.cpp">
      <Filter>소스 파일</Filter>
    </ClCompile>
    <ClCompile Include="13418_mst.cpp">
      <Filter>소스 파일</Filter>
    </ClCompile>
    <ClCompile Include="14950_mst.cpp">
      <Filter>소스 파일</Filter>
    </ClCompile>
    <ClCompile Include="1774_mst.cpp">
      <Filter>소스 파일</Filter>
    </ClCompile>
    <ClCompile Include="10423_mst.cpp">
      <Filter>소스 파일</Filter>
    </ClCompile>
    <ClCompile Include="4386_mst.cpp">
      <Filter>소스 파일</Filter>
    </ClCompile>
    <ClCompile Include="16236_삼성기출.cpp">
      <Filter>소스 파일</Filter>
    </ClCompile>
    <ClCompile Include="15685_드래곤커브.cpp">
      <Filter>소스 파일</Filter>
    </ClCompile>
    <ClCompile Include="15686_치킨배달.cpp">
      <Filter>소스 파일</Filter>
    </ClCompile>
    <ClCompile Include="3190_뱀.cpp">
      <Filter>소스 파일</Filter>
    </ClCompile>
    <ClCompile Include="16235_삼성기출.cpp">
      <Filter>소스 파일</Filter>
    </ClCompile>
    <ClCompile Include="소스.cpp">
      <Filter>소스 파일</Filter>
    </ClCompile>
  </ItemGroup>
  <ItemGroup>
    <Text Include="퀵소트구현.txt">
      <Filter>리소스 파일</Filter>
    </Text>
    <Text Include="벡터구현.txt">
      <Filter>리소스 파일</Filter>
    </Text>
    <Text Include="해쉬꿀팁.txt">
      <Filter>리소스 파일</Filter>
    </Text>
    <Text Include="Swap.txt">
      <Filter>리소스 파일</Filter>
    </Text>
  </ItemGroup>
</Project>